
Microsoft Visual Studio Solution File, Format Version 12.00
# Visual Studio Version 17
VisualStudioVersion = 17.0.31903.59
MinimumVisualStudioVersion = 10.0.40219.1
Project("{FAE04EC0-301F-11D3-BF4B-00C04F79EFBC}") = "AIPhotoBooth.Api", "AIPhotoBooth.Api\AIPhotoBooth.Api.csproj", "{DA0D0842-0871-4EAC-A9A0-3A4284AEF4C9}"
EndProject
Project("{FAE04EC0-301F-11D3-BF4B-00C04F79EFBC}") = "AIPhotoBooth.Application", "AIPhotoBooth.Application\AIPhotoBooth.Application.csproj", "{9D7D3755-8E6C-4F82-A2FD-48144F217A24}"
EndProject
Project("{FAE04EC0-301F-11D3-BF4B-00C04F79EFBC}") = "AIPhotoBooth.Domain", "AIPhotoBooth.Domain\AIPhotoBooth.Domain.csproj", "{BA2E8915-05B0-47D6-A34D-E25801D32C6F}"
EndProject
Project("{FAE04EC0-301F-11D3-BF4B-00C04F79EFBC}") = "AIPhotoBooth.Infrastructure", "AIPhotoBooth.Infrastructure\AIPhotoBooth.Infrastructure.csproj", "{A78F6C9E-F65F-41AA-8CE8-4D2179BBB909}"
EndProject
Global
	GlobalSection(SolutionConfigurationPlatforms) = preSolution
		Debug|Any CPU = Debug|Any CPU
		Debug|x64 = Debug|x64
		Debug|x86 = Debug|x86
		Release|Any CPU = Release|Any CPU
		Release|x64 = Release|x64
		Release|x86 = Release|x86
	EndGlobalSection
	GlobalSection(ProjectConfigurationPlatforms) = postSolution
		{DA0D0842-0871-4EAC-A9A0-3A4284AEF4C9}.Debug|Any CPU.ActiveCfg = Debug|Any CPU
		{DA0D0842-0871-4EAC-A9A0-3A4284AEF4C9}.Debug|Any CPU.Build.0 = Debug|Any CPU
		{DA0D0842-0871-4EAC-A9A0-3A4284AEF4C9}.Debug|x64.ActiveCfg = Debug|Any CPU
		{DA0D0842-0871-4EAC-A9A0-3A4284AEF4C9}.Debug|x64.Build.0 = Debug|Any CPU
		{DA0D0842-0871-4EAC-A9A0-3A4284AEF4C9}.Debug|x86.ActiveCfg = Debug|Any CPU
		{DA0D0842-0871-4EAC-A9A0-3A4284AEF4C9}.Debug|x86.Build.0 = Debug|Any CPU
		{DA0D0842-0871-4EAC-A9A0-3A4284AEF4C9}.Release|Any CPU.ActiveCfg = Release|Any CPU
		{DA0D0842-0871-4EAC-A9A0-3A4284AEF4C9}.Release|Any CPU.Build.0 = Release|Any CPU
		{DA0D0842-0871-4EAC-A9A0-3A4284AEF4C9}.Release|x64.ActiveCfg = Release|Any CPU
		{DA0D0842-0871-4EAC-A9A0-3A4284AEF4C9}.Release|x64.Build.0 = Release|Any CPU
		{DA0D0842-0871-4EAC-A9A0-3A4284AEF4C9}.Release|x86.ActiveCfg = Release|Any CPU
		{DA0D0842-0871-4EAC-A9A0-3A4284AEF4C9}.Release|x86.Build.0 = Release|Any CPU
		{9D7D3755-8E6C-4F82-A2FD-48144F217A24}.Debug|Any CPU.ActiveCfg = Debug|Any CPU
		{9D7D3755-8E6C-4F82-A2FD-48144F217A24}.Debug|Any CPU.Build.0 = Debug|Any CPU
		{9D7D3755-8E6C-4F82-A2FD-48144F217A24}.Debug|x64.ActiveCfg = Debug|Any CPU
		{9D7D3755-8E6C-4F82-A2FD-48144F217A24}.Debug|x64.Build.0 = Debug|Any CPU
		{9D7D3755-8E6C-4F82-A2FD-48144F217A24}.Debug|x86.ActiveCfg = Debug|Any CPU
		{9D7D3755-8E6C-4F82-A2FD-48144F217A24}.Debug|x86.Build.0 = Debug|Any CPU
		{9D7D3755-8E6C-4F82-A2FD-48144F217A24}.Release|Any CPU.ActiveCfg = Release|Any CPU
		{9D7D3755-8E6C-4F82-A2FD-48144F217A24}.Release|Any CPU.Build.0 = Release|Any CPU
		{9D7D3755-8E6C-4F82-A2FD-48144F217A24}.Release|x64.ActiveCfg = Release|Any CPU
		{9D7D3755-8E6C-4F82-A2FD-48144F217A24}.Release|x64.Build.0 = Release|Any CPU
		{9D7D3755-8E6C-4F82-A2FD-48144F217A24}.Release|x86.ActiveCfg = Release|Any CPU
		{9D7D3755-8E6C-4F82-A2FD-48144F217A24}.Release|x86.Build.0 = Release|Any CPU
		{BA2E8915-05B0-47D6-A34D-E25801D32C6F}.Debug|Any CPU.ActiveCfg = Debug|Any CPU
		{BA2E8915-05B0-47D6-A34D-E25801D32C6F}.Debug|Any CPU.Build.0 = Debug|Any CPU
		{BA2E8915-05B0-47D6-A34D-E25801D32C6F}.Debug|x64.ActiveCfg = Debug|Any CPU
		{BA2E8915-05B0-47D6-A34D-E25801D32C6F}.Debug|x64.Build.0 = Debug|Any CPU
		{BA2E8915-05B0-47D6-A34D-E25801D32C6F}.Debug|x86.ActiveCfg = Debug|Any CPU
		{BA2E8915-05B0-47D6-A34D-E25801D32C6F}.Debug|x86.Build.0 = Debug|Any CPU
		{BA2E8915-05B0-47D6-A34D-E25801D32C6F}.Release|Any CPU.ActiveCfg = Release|Any CPU
		{BA2E8915-05B0-47D6-A34D-E25801D32C6F}.Release|Any CPU.Build.0 = Release|Any CPU
		{BA2E8915-05B0-47D6-A34D-E25801D32C6F}.Release|x64.ActiveCfg = Release|Any CPU
		{BA2E8915-05B0-47D6-A34D-E25801D32C6F}.Release|x64.Build.0 = Release|Any CPU
		{BA2E8915-05B0-47D6-A34D-E25801D32C6F}.Release|x86.ActiveCfg = Release|Any CPU
		{BA2E8915-05B0-47D6-A34D-E25801D32C6F}.Release|x86.Build.0 = Release|Any CPU
		{A78F6C9E-F65F-41AA-8CE8-4D2179BBB909}.Debug|Any CPU.ActiveCfg = Debug|Any CPU
		{A78F6C9E-F65F-41AA-8CE8-4D2179BBB909}.Debug|Any CPU.Build.0 = Debug|Any CPU
		{A78F6C9E-F65F-41AA-8CE8-4D2179BBB909}.Debug|x64.ActiveCfg = Debug|Any CPU
		{A78F6C9E-F65F-41AA-8CE8-4D2179BBB909}.Debug|x64.Build.0 = Debug|Any CPU
		{A78F6C9E-F65F-41AA-8CE8-4D2179BBB909}.Debug|x86.ActiveCfg = Debug|Any CPU
		{A78F6C9E-F65F-41AA-8CE8-4D2179BBB909}.Debug|x86.Build.0 = Debug|Any CPU
		{A78F6C9E-F65F-41AA-8CE8-4D2179BBB909}.Release|Any CPU.ActiveCfg = Release|Any CPU
		{A78F6C9E-F65F-41AA-8CE8-4D2179BBB909}.Release|Any CPU.Build.0 = Release|Any CPU
		{A78F6C9E-F65F-41AA-8CE8-4D2179BBB909}.Release|x64.ActiveCfg = Release|Any CPU
		{A78F6C9E-F65F-41AA-8CE8-4D2179BBB909}.Release|x64.Build.0 = Release|Any CPU
		{A78F6C9E-F65F-41AA-8CE8-4D2179BBB909}.Release|x86.ActiveCfg = Release|Any CPU
		{A78F6C9E-F65F-41AA-8CE8-4D2179BBB909}.Release|x86.Build.0 = Release|Any CPU
	EndGlobalSection
	GlobalSection(SolutionProperties) = preSolution
		HideSolutionNode = FALSE
	EndGlobalSection
EndGlobal
